
Microsoft Visual Studio Solution File, Format Version 12.00
# Visual Studio Version 17
VisualStudioVersion = 17.13.35825.156 d17.13
MinimumVisualStudioVersion = 10.0.40219.1
Project("{FAE04EC0-301F-11D3-BF4B-00C04F79EFBC}") = "Domain", "Domain\Domain.csproj", "{A250D7BB-2B12-4DFB-87D0-592A8F8B851F}"
EndProject
Project("{FAE04EC0-301F-11D3-BF4B-00C04F79EFBC}") = "Aplication", "Aplication\Aplication.csproj", "{AF690DAA-54DC-47AB-99C7-393ABA434210}"
EndProject
Project("{FAE04EC0-301F-11D3-BF4B-00C04F79EFBC}") = "Infrastructure", "Infrastructure\Infrastructure.csproj", "{3EA767E8-C8D1-4F46-915F-CF59A064B8A7}"
EndProject
Project("{FAE04EC0-301F-11D3-BF4B-00C04F79EFBC}") = "API", "API\API.csproj", "{0E853033-B67A-4575-AA94-0B1D876156D4}"
EndProject
Project("{FAE04EC0-301F-11D3-BF4B-00C04F79EFBC}") = "GrooveArchive.Tests", "GrooveArchive.Tests\GrooveArchive.Tests.csproj", "{9015ACB0-7DC0-46FB-A1F4-C4B29C7EFCCB}"
EndProject
Global
	GlobalSection(SolutionConfigurationPlatforms) = preSolution
		Debug|Any CPU = Debug|Any CPU
		Release|Any CPU = Release|Any CPU
	EndGlobalSection
	GlobalSection(ProjectConfigurationPlatforms) = postSolution
		{A250D7BB-2B12-4DFB-87D0-592A8F8B851F}.Debug|Any CPU.ActiveCfg = Debug|Any CPU
		{A250D7BB-2B12-4DFB-87D0-592A8F8B851F}.Debug|Any CPU.Build.0 = Debug|Any CPU
		{A250D7BB-2B12-4DFB-87D0-592A8F8B851F}.Release|Any CPU.ActiveCfg = Release|Any CPU
		{A250D7BB-2B12-4DFB-87D0-592A8F8B851F}.Release|Any CPU.Build.0 = Release|Any CPU
		{AF690DAA-54DC-47AB-99C7-393ABA434210}.Debug|Any CPU.ActiveCfg = Debug|Any CPU
		{AF690DAA-54DC-47AB-99C7-393ABA434210}.Debug|Any CPU.Build.0 = Debug|Any CPU
		{AF690DAA-54DC-47AB-99C7-393ABA434210}.Release|Any CPU.ActiveCfg = Release|Any CPU
		{AF690DAA-54DC-47AB-99C7-393ABA434210}.Release|Any CPU.Build.0 = Release|Any CPU
		{3EA767E8-C8D1-4F46-915F-CF59A064B8A7}.Debug|Any CPU.ActiveCfg = Debug|Any CPU
		{3EA767E8-C8D1-4F46-915F-CF59A064B8A7}.Debug|Any CPU.Build.0 = Debug|Any CPU
		{3EA767E8-C8D1-4F46-915F-CF59A064B8A7}.Release|Any CPU.ActiveCfg = Release|Any CPU
		{3EA767E8-C8D1-4F46-915F-CF59A064B8A7}.Release|Any CPU.Build.0 = Release|Any CPU
		{0E853033-B67A-4575-AA94-0B1D876156D4}.Debug|Any CPU.ActiveCfg = Debug|Any CPU
		{0E853033-B67A-4575-AA94-0B1D876156D4}.Debug|Any CPU.Build.0 = Debug|Any CPU
		{0E853033-B67A-4575-AA94-0B1D876156D4}.Release|Any CPU.ActiveCfg = Release|Any CPU
		{0E853033-B67A-4575-AA94-0B1D876156D4}.Release|Any CPU.Build.0 = Release|Any CPU
		{9015ACB0-7DC0-46FB-A1F4-C4B29C7EFCCB}.Debug|Any CPU.ActiveCfg = Debug|Any CPU
		{9015ACB0-7DC0-46FB-A1F4-C4B29C7EFCCB}.Debug|Any CPU.Build.0 = Debug|Any CPU
		{9015ACB0-7DC0-46FB-A1F4-C4B29C7EFCCB}.Release|Any CPU.ActiveCfg = Release|Any CPU
		{9015ACB0-7DC0-46FB-A1F4-C4B29C7EFCCB}.Release|Any CPU.Build.0 = Release|Any CPU
	EndGlobalSection
	GlobalSection(SolutionProperties) = preSolution
		HideSolutionNode = FALSE
	EndGlobalSection
	GlobalSection(ExtensibilityGlobals) = postSolution
		SolutionGuid = {67194508-EB83-45D7-90D1-3450838BCAB0}
	EndGlobalSection
EndGlobal
